
Microsoft Visual Studio Solution File, Format Version 12.00
# Visual Studio Version 16
VisualStudioVersion = 16.0.32510.428
MinimumVisualStudioVersion = 10.0.40219.1
Project("{8BC9CEB8-8B4A-11D0-8D11-00A0C91BC942}") = "zadanie-2", "zadanie-2.vcxproj", "{0158C182-ED9D-40C1-8E7E-78B23B1DA011}"
EndProject
Global
	GlobalSection(SolutionConfigurationPlatforms) = preSolution
		Debug|x64 = Debug|x64
		Debug|x86 = Debug|x86
		Release|x64 = Release|x64
		Release|x86 = Release|x86
	EndGlobalSection
	GlobalSection(ProjectConfigurationPlatforms) = postSolution
		{0158C182-ED9D-40C1-8E7E-78B23B1DA011}.Debug|x64.ActiveCfg = Debug|x64
		{0158C182-ED9D-40C1-8E7E-78B23B1DA011}.Debug|x64.Build.0 = Debug|x64
		{0158C182-ED9D-40C1-8E7E-78B23B1DA011}.Debug|x86.ActiveCfg = Debug|Win32
		{0158C182-ED9D-40C1-8E7E-78B23B1DA011}.Debug|x86.Build.0 = Debug|Win32
		{0158C182-ED9D-40C1-8E7E-78B23B1DA011}.Release|x64.ActiveCfg = Release|x64
		{0158C182-ED9D-40C1-8E7E-78B23B1DA011}.Release|x64.Build.0 = Release|x64
		{0158C182-ED9D-40C1-8E7E-78B23B1DA011}.Release|x86.ActiveCfg = Release|Win32
		{0158C182-ED9D-40C1-8E7E-78B23B1DA011}.Release|x86.Build.0 = Release|Win32
	EndGlobalSection
	GlobalSection(SolutionProperties) = preSolution
		HideSolutionNode = FALSE
	EndGlobalSection
	GlobalSection(ExtensibilityGlobals) = postSolution
		SolutionGuid = {9CC95F6B-43AC-4B32-B131-79F8E96F5388}
	EndGlobalSection
EndGlobal
