
Microsoft Visual Studio Solution File, Format Version 12.00
# Visual Studio Version 16
VisualStudioVersion = 16.0.32510.428
MinimumVisualStudioVersion = 10.0.40219.1
Project("{8BC9CEB8-8B4A-11D0-8D11-00A0C91BC942}") = "zadanie-1", "zadanie-1.vcxproj", "{24C8DBD3-B448-4B9C-BD4F-30013E398444}"
EndProject
Global
	GlobalSection(SolutionConfigurationPlatforms) = preSolution
		Debug|x64 = Debug|x64
		Debug|x86 = Debug|x86
		Release|x64 = Release|x64
		Release|x86 = Release|x86
	EndGlobalSection
	GlobalSection(ProjectConfigurationPlatforms) = postSolution
		{24C8DBD3-B448-4B9C-BD4F-30013E398444}.Debug|x64.ActiveCfg = Debug|x64
		{24C8DBD3-B448-4B9C-BD4F-30013E398444}.Debug|x64.Build.0 = Debug|x64
		{24C8DBD3-B448-4B9C-BD4F-30013E398444}.Debug|x86.ActiveCfg = Debug|Win32
		{24C8DBD3-B448-4B9C-BD4F-30013E398444}.Debug|x86.Build.0 = Debug|Win32
		{24C8DBD3-B448-4B9C-BD4F-30013E398444}.Release|x64.ActiveCfg = Release|x64
		{24C8DBD3-B448-4B9C-BD4F-30013E398444}.Release|x64.Build.0 = Release|x64
		{24C8DBD3-B448-4B9C-BD4F-30013E398444}.Release|x86.ActiveCfg = Release|Win32
		{24C8DBD3-B448-4B9C-BD4F-30013E398444}.Release|x86.Build.0 = Release|Win32
	EndGlobalSection
	GlobalSection(SolutionProperties) = preSolution
		HideSolutionNode = FALSE
	EndGlobalSection
	GlobalSection(ExtensibilityGlobals) = postSolution
		SolutionGuid = {909EB6E0-8B7D-4B3A-A232-813F820BCD83}
	EndGlobalSection
EndGlobal
